
Microsoft Visual Studio Solution File, Format Version 12.00
# Visual Studio Version 17
VisualStudioVersion = 17.0.31903.59
MinimumVisualStudioVersion = 10.0.40219.1
Project("{FAE04EC0-301F-11D3-BF4B-00C04F79EFBC}") = "API", "API\API.csproj", "{DFFC6CA6-1C1B-4E20-B7F9-EDEE440793AA}"
EndProject
Project("{FAE04EC0-301F-11D3-BF4B-00C04F79EFBC}") = "Core", "Core\Core.csproj", "{1053A22C-9C51-40B4-ACCC-84377E94D340}"
EndProject
Project("{FAE04EC0-301F-11D3-BF4B-00C04F79EFBC}") = "Infrastructure", "Infrastructure\Infrastructure.csproj", "{B8B5273F-8FCD-4A26-983A-4CCEEC145749}"
EndProject
Global
	GlobalSection(SolutionConfigurationPlatforms) = preSolution
		Debug|Any CPU = Debug|Any CPU
		Release|Any CPU = Release|Any CPU
	EndGlobalSection
	GlobalSection(SolutionProperties) = preSolution
		HideSolutionNode = FALSE
	EndGlobalSection
	GlobalSection(ProjectConfigurationPlatforms) = postSolution
		{DFFC6CA6-1C1B-4E20-B7F9-EDEE440793AA}.Debug|Any CPU.ActiveCfg = Debug|Any CPU
		{DFFC6CA6-1C1B-4E20-B7F9-EDEE440793AA}.Debug|Any CPU.Build.0 = Debug|Any CPU
		{DFFC6CA6-1C1B-4E20-B7F9-EDEE440793AA}.Release|Any CPU.ActiveCfg = Release|Any CPU
		{DFFC6CA6-1C1B-4E20-B7F9-EDEE440793AA}.Release|Any CPU.Build.0 = Release|Any CPU
		{1053A22C-9C51-40B4-ACCC-84377E94D340}.Debug|Any CPU.ActiveCfg = Debug|Any CPU
		{1053A22C-9C51-40B4-ACCC-84377E94D340}.Debug|Any CPU.Build.0 = Debug|Any CPU
		{1053A22C-9C51-40B4-ACCC-84377E94D340}.Release|Any CPU.ActiveCfg = Release|Any CPU
		{1053A22C-9C51-40B4-ACCC-84377E94D340}.Release|Any CPU.Build.0 = Release|Any CPU
		{B8B5273F-8FCD-4A26-983A-4CCEEC145749}.Debug|Any CPU.ActiveCfg = Debug|Any CPU
		{B8B5273F-8FCD-4A26-983A-4CCEEC145749}.Debug|Any CPU.Build.0 = Debug|Any CPU
		{B8B5273F-8FCD-4A26-983A-4CCEEC145749}.Release|Any CPU.ActiveCfg = Release|Any CPU
		{B8B5273F-8FCD-4A26-983A-4CCEEC145749}.Release|Any CPU.Build.0 = Release|Any CPU
	EndGlobalSection
EndGlobal
